
Microsoft Visual Studio Solution File, Format Version 12.00
# Visual Studio 15
VisualStudioVersion = 15.0.28010.2041
MinimumVisualStudioVersion = 10.0.40219.1
Project("{2150E333-8FDC-42A3-9474-1A3956D46DE8}") = "Services", "Services", "{07AB7BD1-4674-4D19-AD22-6484EE354C6A}"
EndProject
Project("{9A19103F-16F7-4668-BE54-9A1E7A4F7556}") = "Standard.Contracts", "Standard.Contracts\Standard.Contracts.csproj", "{D076FDAB-CADF-43B2-B35F-07DB722B4195}"
EndProject
Project("{9A19103F-16F7-4668-BE54-9A1E7A4F7556}") = "Standard.Core", "Standard.Core\Standard.Core.csproj", "{39C82EA1-FE39-4E38-856D-4C557AB6B98C}"
EndProject
Project("{2150E333-8FDC-42A3-9474-1A3956D46DE8}") = "DesktopClient", "DesktopClient", "{F386052E-FE62-4F95-A6D1-D535FA56F563}"
EndProject
Project("{FAE04EC0-301F-11D3-BF4B-00C04F79EFBC}") = "DesktopClient", "DesktopClient\DesktopClient.csproj", "{9C8B7E3B-405B-4F0F-A256-B8310311D0A5}"
EndProject
Project("{2150E333-8FDC-42A3-9474-1A3956D46DE8}") = "Server", "Server", "{0EC2EAFF-067D-45BB-9D02-39BF3529CAEC}"
EndProject
Project("{9A19103F-16F7-4668-BE54-9A1E7A4F7556}") = "Series", "Server\Services\Series\Series.csproj", "{C9E0A7E6-C6CA-4004-A443-AD734BEA20FB}"
EndProject
Project("{9A19103F-16F7-4668-BE54-9A1E7A4F7556}") = "Series.Service", "Server\Services\Series.Service\Series.Service.csproj", "{FE9831C4-C5FF-4825-97B7-40BFF8A6F117}"
EndProject
Project("{9A19103F-16F7-4668-BE54-9A1E7A4F7556}") = "Server", "Server\Services\Server\Server.csproj", "{70A7A6A8-A569-47DE-9B50-2A818DED8C82}"
EndProject
Project("{9A19103F-16F7-4668-BE54-9A1E7A4F7556}") = "Server.Service", "Server\Services\Server.Service\Server.Service.csproj", "{2BEF972F-F573-4AB2-9A22-31B79CBD805A}"
EndProject
Project("{9A19103F-16F7-4668-BE54-9A1E7A4F7556}") = "Contracts", "Server\Contracts\Contracts.csproj", "{AC43A628-7DD3-4F11-9261-9FE4BC5145B9}"
EndProject
Project("{9A19103F-16F7-4668-BE54-9A1E7A4F7556}") = "Core", "Server\Core\Core.csproj", "{54B24DB2-5E30-4565-9767-39C8F01C72C3}"
EndProject
Project("{FAE04EC0-301F-11D3-BF4B-00C04F79EFBC}") = "Book.Service", "Book.Service\Book.Service.csproj", "{DE35BAB8-72D5-43E6-9CBC-29E1C05FF5E8}"
EndProject
Project("{FAE04EC0-301F-11D3-BF4B-00C04F79EFBC}") = "Book", "Book\Book.csproj", "{E20FB57F-8263-4643-B7EF-37EA2F5B1C04}"
EndProject
Global
	GlobalSection(SolutionConfigurationPlatforms) = preSolution
		Debug|Any CPU = Debug|Any CPU
		Release|Any CPU = Release|Any CPU
	EndGlobalSection
	GlobalSection(ProjectConfigurationPlatforms) = postSolution
		{D076FDAB-CADF-43B2-B35F-07DB722B4195}.Debug|Any CPU.ActiveCfg = Debug|Any CPU
		{D076FDAB-CADF-43B2-B35F-07DB722B4195}.Debug|Any CPU.Build.0 = Debug|Any CPU
		{D076FDAB-CADF-43B2-B35F-07DB722B4195}.Release|Any CPU.ActiveCfg = Release|Any CPU
		{D076FDAB-CADF-43B2-B35F-07DB722B4195}.Release|Any CPU.Build.0 = Release|Any CPU
		{39C82EA1-FE39-4E38-856D-4C557AB6B98C}.Debug|Any CPU.ActiveCfg = Debug|Any CPU
		{39C82EA1-FE39-4E38-856D-4C557AB6B98C}.Debug|Any CPU.Build.0 = Debug|Any CPU
		{39C82EA1-FE39-4E38-856D-4C557AB6B98C}.Release|Any CPU.ActiveCfg = Release|Any CPU
		{39C82EA1-FE39-4E38-856D-4C557AB6B98C}.Release|Any CPU.Build.0 = Release|Any CPU
		{9C8B7E3B-405B-4F0F-A256-B8310311D0A5}.Debug|Any CPU.ActiveCfg = Debug|Any CPU
		{9C8B7E3B-405B-4F0F-A256-B8310311D0A5}.Debug|Any CPU.Build.0 = Debug|Any CPU
		{9C8B7E3B-405B-4F0F-A256-B8310311D0A5}.Release|Any CPU.ActiveCfg = Release|Any CPU
		{9C8B7E3B-405B-4F0F-A256-B8310311D0A5}.Release|Any CPU.Build.0 = Release|Any CPU
		{C9E0A7E6-C6CA-4004-A443-AD734BEA20FB}.Debug|Any CPU.ActiveCfg = Debug|Any CPU
		{C9E0A7E6-C6CA-4004-A443-AD734BEA20FB}.Debug|Any CPU.Build.0 = Debug|Any CPU
		{C9E0A7E6-C6CA-4004-A443-AD734BEA20FB}.Release|Any CPU.ActiveCfg = Release|Any CPU
		{C9E0A7E6-C6CA-4004-A443-AD734BEA20FB}.Release|Any CPU.Build.0 = Release|Any CPU
		{FE9831C4-C5FF-4825-97B7-40BFF8A6F117}.Debug|Any CPU.ActiveCfg = Debug|Any CPU
		{FE9831C4-C5FF-4825-97B7-40BFF8A6F117}.Debug|Any CPU.Build.0 = Debug|Any CPU
		{FE9831C4-C5FF-4825-97B7-40BFF8A6F117}.Release|Any CPU.ActiveCfg = Release|Any CPU
		{FE9831C4-C5FF-4825-97B7-40BFF8A6F117}.Release|Any CPU.Build.0 = Release|Any CPU
		{70A7A6A8-A569-47DE-9B50-2A818DED8C82}.Debug|Any CPU.ActiveCfg = Debug|Any CPU
		{70A7A6A8-A569-47DE-9B50-2A818DED8C82}.Debug|Any CPU.Build.0 = Debug|Any CPU
		{70A7A6A8-A569-47DE-9B50-2A818DED8C82}.Release|Any CPU.ActiveCfg = Release|Any CPU
		{70A7A6A8-A569-47DE-9B50-2A818DED8C82}.Release|Any CPU.Build.0 = Release|Any CPU
		{2BEF972F-F573-4AB2-9A22-31B79CBD805A}.Debug|Any CPU.ActiveCfg = Debug|Any CPU
		{2BEF972F-F573-4AB2-9A22-31B79CBD805A}.Debug|Any CPU.Build.0 = Debug|Any CPU
		{2BEF972F-F573-4AB2-9A22-31B79CBD805A}.Release|Any CPU.ActiveCfg = Release|Any CPU
		{2BEF972F-F573-4AB2-9A22-31B79CBD805A}.Release|Any CPU.Build.0 = Release|Any CPU
		{AC43A628-7DD3-4F11-9261-9FE4BC5145B9}.Debug|Any CPU.ActiveCfg = Debug|Any CPU
		{AC43A628-7DD3-4F11-9261-9FE4BC5145B9}.Debug|Any CPU.Build.0 = Debug|Any CPU
		{AC43A628-7DD3-4F11-9261-9FE4BC5145B9}.Release|Any CPU.ActiveCfg = Release|Any CPU
		{AC43A628-7DD3-4F11-9261-9FE4BC5145B9}.Release|Any CPU.Build.0 = Release|Any CPU
		{54B24DB2-5E30-4565-9767-39C8F01C72C3}.Debug|Any CPU.ActiveCfg = Debug|Any CPU
		{54B24DB2-5E30-4565-9767-39C8F01C72C3}.Debug|Any CPU.Build.0 = Debug|Any CPU
		{54B24DB2-5E30-4565-9767-39C8F01C72C3}.Release|Any CPU.ActiveCfg = Release|Any CPU
		{54B24DB2-5E30-4565-9767-39C8F01C72C3}.Release|Any CPU.Build.0 = Release|Any CPU
		{DE35BAB8-72D5-43E6-9CBC-29E1C05FF5E8}.Debug|Any CPU.ActiveCfg = Debug|Any CPU
		{DE35BAB8-72D5-43E6-9CBC-29E1C05FF5E8}.Debug|Any CPU.Build.0 = Debug|Any CPU
		{DE35BAB8-72D5-43E6-9CBC-29E1C05FF5E8}.Release|Any CPU.ActiveCfg = Release|Any CPU
		{DE35BAB8-72D5-43E6-9CBC-29E1C05FF5E8}.Release|Any CPU.Build.0 = Release|Any CPU
		{E20FB57F-8263-4643-B7EF-37EA2F5B1C04}.Debug|Any CPU.ActiveCfg = Debug|Any CPU
		{E20FB57F-8263-4643-B7EF-37EA2F5B1C04}.Debug|Any CPU.Build.0 = Debug|Any CPU
		{E20FB57F-8263-4643-B7EF-37EA2F5B1C04}.Release|Any CPU.ActiveCfg = Release|Any CPU
		{E20FB57F-8263-4643-B7EF-37EA2F5B1C04}.Release|Any CPU.Build.0 = Release|Any CPU
	EndGlobalSection
	GlobalSection(SolutionProperties) = preSolution
		HideSolutionNode = FALSE
	EndGlobalSection
	GlobalSection(NestedProjects) = preSolution
		{07AB7BD1-4674-4D19-AD22-6484EE354C6A} = {0EC2EAFF-067D-45BB-9D02-39BF3529CAEC}
		{9C8B7E3B-405B-4F0F-A256-B8310311D0A5} = {F386052E-FE62-4F95-A6D1-D535FA56F563}
		{C9E0A7E6-C6CA-4004-A443-AD734BEA20FB} = {07AB7BD1-4674-4D19-AD22-6484EE354C6A}
		{FE9831C4-C5FF-4825-97B7-40BFF8A6F117} = {07AB7BD1-4674-4D19-AD22-6484EE354C6A}
		{70A7A6A8-A569-47DE-9B50-2A818DED8C82} = {07AB7BD1-4674-4D19-AD22-6484EE354C6A}
		{2BEF972F-F573-4AB2-9A22-31B79CBD805A} = {07AB7BD1-4674-4D19-AD22-6484EE354C6A}
		{AC43A628-7DD3-4F11-9261-9FE4BC5145B9} = {0EC2EAFF-067D-45BB-9D02-39BF3529CAEC}
		{54B24DB2-5E30-4565-9767-39C8F01C72C3} = {0EC2EAFF-067D-45BB-9D02-39BF3529CAEC}
		{DE35BAB8-72D5-43E6-9CBC-29E1C05FF5E8} = {07AB7BD1-4674-4D19-AD22-6484EE354C6A}
		{E20FB57F-8263-4643-B7EF-37EA2F5B1C04} = {07AB7BD1-4674-4D19-AD22-6484EE354C6A}
	EndGlobalSection
	GlobalSection(ExtensibilityGlobals) = postSolution
		SolutionGuid = {1EBEB5FF-4575-4E98-BF32-F6B101A40A74}
	EndGlobalSection
EndGlobal
