
Microsoft Visual Studio Solution File, Format Version 12.00
# Visual Studio 15
VisualStudioVersion = 15.0.28010.2041
MinimumVisualStudioVersion = 10.0.40219.1
Project("{9A19103F-16F7-4668-BE54-9A1E7A4F7556}") = "Server.Service", "Server.Service\Server.Service.csproj", "{141E12A4-D888-4110-863E-CEFE6F9D8748}"
EndProject
Project("{9A19103F-16F7-4668-BE54-9A1E7A4F7556}") = "Server", "Server\Server.csproj", "{19D9C9C8-76CD-40DD-8A1F-AAACAA27D584}"
EndProject
Project("{2150E333-8FDC-42A3-9474-1A3956D46DE8}") = "Services", "Services", "{07AB7BD1-4674-4D19-AD22-6484EE354C6A}"
EndProject
Project("{9A19103F-16F7-4668-BE54-9A1E7A4F7556}") = "Series.Service", "..\..\Services\Series.Service\Series.Service.csproj", "{65E2DBE9-F6CE-4B6F-9D50-36248817B542}"
EndProject
Project("{9A19103F-16F7-4668-BE54-9A1E7A4F7556}") = "Series", "..\..\Services\Series\Series.csproj", "{4D40D245-3D9C-484A-AE81-B1D6CC0FA887}"
EndProject
Project("{9A19103F-16F7-4668-BE54-9A1E7A4F7556}") = "DesktopClient", "..\..\DesktopClient\DesktopClient.csproj", "{BB06FEE7-7404-4501-AC63-983EB13674FC}"
EndProject
Project("{FAE04EC0-301F-11D3-BF4B-00C04F79EFBC}") = "KeyEventForm", "..\..\KeyEventForm\KeyEventForm.csproj", "{9C8B7E3B-405B-4F0F-A256-B8310311D0A5}"
EndProject
Project("{9A19103F-16F7-4668-BE54-9A1E7A4F7556}") = "Standard.Contracts", "..\..\Contracts.Standard\Standard.Contracts.csproj", "{1814874B-D3BF-4ABB-9682-94D345EBB72A}"
EndProject
Project("{FAE04EC0-301F-11D3-BF4B-00C04F79EFBC}") = "Standard.Core", "..\..\Standard.Core\Standard.Core.csproj", "{8BF7417E-2073-4C69-AAFA-92286B0A7E93}"
EndProject
Global
	GlobalSection(SolutionConfigurationPlatforms) = preSolution
		Debug|Any CPU = Debug|Any CPU
		Release|Any CPU = Release|Any CPU
	EndGlobalSection
	GlobalSection(ProjectConfigurationPlatforms) = postSolution
		{141E12A4-D888-4110-863E-CEFE6F9D8748}.Debug|Any CPU.ActiveCfg = Debug|Any CPU
		{141E12A4-D888-4110-863E-CEFE6F9D8748}.Debug|Any CPU.Build.0 = Debug|Any CPU
		{141E12A4-D888-4110-863E-CEFE6F9D8748}.Release|Any CPU.ActiveCfg = Release|Any CPU
		{141E12A4-D888-4110-863E-CEFE6F9D8748}.Release|Any CPU.Build.0 = Release|Any CPU
		{19D9C9C8-76CD-40DD-8A1F-AAACAA27D584}.Debug|Any CPU.ActiveCfg = Debug|Any CPU
		{19D9C9C8-76CD-40DD-8A1F-AAACAA27D584}.Debug|Any CPU.Build.0 = Debug|Any CPU
		{19D9C9C8-76CD-40DD-8A1F-AAACAA27D584}.Release|Any CPU.ActiveCfg = Release|Any CPU
		{19D9C9C8-76CD-40DD-8A1F-AAACAA27D584}.Release|Any CPU.Build.0 = Release|Any CPU
		{65E2DBE9-F6CE-4B6F-9D50-36248817B542}.Debug|Any CPU.ActiveCfg = Debug|Any CPU
		{65E2DBE9-F6CE-4B6F-9D50-36248817B542}.Debug|Any CPU.Build.0 = Debug|Any CPU
		{65E2DBE9-F6CE-4B6F-9D50-36248817B542}.Release|Any CPU.ActiveCfg = Release|Any CPU
		{65E2DBE9-F6CE-4B6F-9D50-36248817B542}.Release|Any CPU.Build.0 = Release|Any CPU
		{4D40D245-3D9C-484A-AE81-B1D6CC0FA887}.Debug|Any CPU.ActiveCfg = Debug|Any CPU
		{4D40D245-3D9C-484A-AE81-B1D6CC0FA887}.Debug|Any CPU.Build.0 = Debug|Any CPU
		{4D40D245-3D9C-484A-AE81-B1D6CC0FA887}.Release|Any CPU.ActiveCfg = Release|Any CPU
		{4D40D245-3D9C-484A-AE81-B1D6CC0FA887}.Release|Any CPU.Build.0 = Release|Any CPU
		{BB06FEE7-7404-4501-AC63-983EB13674FC}.Debug|Any CPU.ActiveCfg = Debug|Any CPU
		{BB06FEE7-7404-4501-AC63-983EB13674FC}.Debug|Any CPU.Build.0 = Debug|Any CPU
		{BB06FEE7-7404-4501-AC63-983EB13674FC}.Release|Any CPU.ActiveCfg = Release|Any CPU
		{BB06FEE7-7404-4501-AC63-983EB13674FC}.Release|Any CPU.Build.0 = Release|Any CPU
		{9C8B7E3B-405B-4F0F-A256-B8310311D0A5}.Debug|Any CPU.ActiveCfg = Debug|Any CPU
		{9C8B7E3B-405B-4F0F-A256-B8310311D0A5}.Debug|Any CPU.Build.0 = Debug|Any CPU
		{9C8B7E3B-405B-4F0F-A256-B8310311D0A5}.Release|Any CPU.ActiveCfg = Release|Any CPU
		{9C8B7E3B-405B-4F0F-A256-B8310311D0A5}.Release|Any CPU.Build.0 = Release|Any CPU
		{1814874B-D3BF-4ABB-9682-94D345EBB72A}.Debug|Any CPU.ActiveCfg = Debug|Any CPU
		{1814874B-D3BF-4ABB-9682-94D345EBB72A}.Debug|Any CPU.Build.0 = Debug|Any CPU
		{1814874B-D3BF-4ABB-9682-94D345EBB72A}.Release|Any CPU.ActiveCfg = Release|Any CPU
		{1814874B-D3BF-4ABB-9682-94D345EBB72A}.Release|Any CPU.Build.0 = Release|Any CPU
		{8BF7417E-2073-4C69-AAFA-92286B0A7E93}.Debug|Any CPU.ActiveCfg = Debug|Any CPU
		{8BF7417E-2073-4C69-AAFA-92286B0A7E93}.Debug|Any CPU.Build.0 = Debug|Any CPU
		{8BF7417E-2073-4C69-AAFA-92286B0A7E93}.Release|Any CPU.ActiveCfg = Release|Any CPU
		{8BF7417E-2073-4C69-AAFA-92286B0A7E93}.Release|Any CPU.Build.0 = Release|Any CPU
	EndGlobalSection
	GlobalSection(SolutionProperties) = preSolution
		HideSolutionNode = FALSE
	EndGlobalSection
	GlobalSection(NestedProjects) = preSolution
		{141E12A4-D888-4110-863E-CEFE6F9D8748} = {07AB7BD1-4674-4D19-AD22-6484EE354C6A}
		{19D9C9C8-76CD-40DD-8A1F-AAACAA27D584} = {07AB7BD1-4674-4D19-AD22-6484EE354C6A}
		{65E2DBE9-F6CE-4B6F-9D50-36248817B542} = {07AB7BD1-4674-4D19-AD22-6484EE354C6A}
		{4D40D245-3D9C-484A-AE81-B1D6CC0FA887} = {07AB7BD1-4674-4D19-AD22-6484EE354C6A}
	EndGlobalSection
	GlobalSection(ExtensibilityGlobals) = postSolution
		SolutionGuid = {1EBEB5FF-4575-4E98-BF32-F6B101A40A74}
	EndGlobalSection
EndGlobal
